
Microsoft Visual Studio Solution File, Format Version 10.00
# Visual C++ Express 2008
Project("{8BC9CEB8-8B4A-11D0-8D11-00A0C91BC942}") = "iGO-MySize-DLL", "iGO-MySize-DLL.vcproj", "{0AC9B6B2-DAEA-44EC-92A6-1E7225373A06}"
EndProject
Global
	GlobalSection(SolutionConfigurationPlatforms) = preSolution
		Debug|Win32 = Debug|Win32
		Release|Win32 = Release|Win32
		Release-SSE|Win32 = Release-SSE|Win32
		Release-SSE2|Win32 = Release-SSE2|Win32
	EndGlobalSection
	GlobalSection(ProjectConfigurationPlatforms) = postSolution
		{0AC9B6B2-DAEA-44EC-92A6-1E7225373A06}.Debug|Win32.ActiveCfg = Debug|Win32
		{0AC9B6B2-DAEA-44EC-92A6-1E7225373A06}.Debug|Win32.Build.0 = Debug|Win32
		{0AC9B6B2-DAEA-44EC-92A6-1E7225373A06}.Release|Win32.ActiveCfg = Release|Win32
		{0AC9B6B2-DAEA-44EC-92A6-1E7225373A06}.Release|Win32.Build.0 = Release|Win32
		{0AC9B6B2-DAEA-44EC-92A6-1E7225373A06}.Release-SSE|Win32.ActiveCfg = Release-SSE|Win32
		{0AC9B6B2-DAEA-44EC-92A6-1E7225373A06}.Release-SSE|Win32.Build.0 = Release-SSE|Win32
		{0AC9B6B2-DAEA-44EC-92A6-1E7225373A06}.Release-SSE2|Win32.ActiveCfg = Release-SSE2|Win32
		{0AC9B6B2-DAEA-44EC-92A6-1E7225373A06}.Release-SSE2|Win32.Build.0 = Release-SSE2|Win32
	EndGlobalSection
	GlobalSection(SolutionProperties) = preSolution
		HideSolutionNode = FALSE
	EndGlobalSection
EndGlobal
